
Microsoft Visual Studio Solution File, Format Version 12.00
# Visual Studio 15
VisualStudioVersion = 15.0.26124.0
MinimumVisualStudioVersion = 15.0.26124.0
Project("{2150E333-8FDC-42A3-9474-1A3956D46DE8}") = "src", "src", "{F0D8DFD5-6055-4B89-AB06-E0CD2B685E19}"
EndProject
Project("{FAE04EC0-301F-11D3-BF4B-00C04F79EFBC}") = "Web", "src\Web\Web.csproj", "{0158F136-B225-4E32-9C73-C96486582BA7}"
EndProject
Project("{2150E333-8FDC-42A3-9474-1A3956D46DE8}") = "tests", "tests", "{E1105A9F-26F0-46F6-ADC0-1ED4A8ED0897}"
EndProject
Project("{FAE04EC0-301F-11D3-BF4B-00C04F79EFBC}") = "FunctionalTests", "tests\FunctionalTests\FunctionalTests.csproj", "{0747AF70-4B81-44E2-B605-85386F666976}"
EndProject
Project("{FAE04EC0-301F-11D3-BF4B-00C04F79EFBC}") = "IntegrationTests", "tests\IntegrationTests\IntegrationTests.csproj", "{1A09E1EB-B371-492B-A0FD-392F9F69A588}"
EndProject
Project("{FAE04EC0-301F-11D3-BF4B-00C04F79EFBC}") = "UnitTests", "tests\UnitTests\UnitTests.csproj", "{E07FA3EB-923C-4C58-838C-7CACE7891551}"
EndProject
Global
	GlobalSection(SolutionConfigurationPlatforms) = preSolution
		Debug|Any CPU = Debug|Any CPU
		Debug|x64 = Debug|x64
		Debug|x86 = Debug|x86
		Release|Any CPU = Release|Any CPU
		Release|x64 = Release|x64
		Release|x86 = Release|x86
	EndGlobalSection
	GlobalSection(SolutionProperties) = preSolution
		HideSolutionNode = FALSE
	EndGlobalSection
	GlobalSection(ProjectConfigurationPlatforms) = postSolution
		{0158F136-B225-4E32-9C73-C96486582BA7}.Debug|Any CPU.ActiveCfg = Debug|Any CPU
		{0158F136-B225-4E32-9C73-C96486582BA7}.Debug|Any CPU.Build.0 = Debug|Any CPU
		{0158F136-B225-4E32-9C73-C96486582BA7}.Debug|x64.ActiveCfg = Debug|Any CPU
		{0158F136-B225-4E32-9C73-C96486582BA7}.Debug|x64.Build.0 = Debug|Any CPU
		{0158F136-B225-4E32-9C73-C96486582BA7}.Debug|x86.ActiveCfg = Debug|Any CPU
		{0158F136-B225-4E32-9C73-C96486582BA7}.Debug|x86.Build.0 = Debug|Any CPU
		{0158F136-B225-4E32-9C73-C96486582BA7}.Release|Any CPU.ActiveCfg = Release|Any CPU
		{0158F136-B225-4E32-9C73-C96486582BA7}.Release|Any CPU.Build.0 = Release|Any CPU
		{0158F136-B225-4E32-9C73-C96486582BA7}.Release|x64.ActiveCfg = Release|Any CPU
		{0158F136-B225-4E32-9C73-C96486582BA7}.Release|x64.Build.0 = Release|Any CPU
		{0158F136-B225-4E32-9C73-C96486582BA7}.Release|x86.ActiveCfg = Release|Any CPU
		{0158F136-B225-4E32-9C73-C96486582BA7}.Release|x86.Build.0 = Release|Any CPU
		{0747AF70-4B81-44E2-B605-85386F666976}.Debug|Any CPU.ActiveCfg = Debug|Any CPU
		{0747AF70-4B81-44E2-B605-85386F666976}.Debug|Any CPU.Build.0 = Debug|Any CPU
		{0747AF70-4B81-44E2-B605-85386F666976}.Debug|x64.ActiveCfg = Debug|Any CPU
		{0747AF70-4B81-44E2-B605-85386F666976}.Debug|x64.Build.0 = Debug|Any CPU
		{0747AF70-4B81-44E2-B605-85386F666976}.Debug|x86.ActiveCfg = Debug|Any CPU
		{0747AF70-4B81-44E2-B605-85386F666976}.Debug|x86.Build.0 = Debug|Any CPU
		{0747AF70-4B81-44E2-B605-85386F666976}.Release|Any CPU.ActiveCfg = Release|Any CPU
		{0747AF70-4B81-44E2-B605-85386F666976}.Release|Any CPU.Build.0 = Release|Any CPU
		{0747AF70-4B81-44E2-B605-85386F666976}.Release|x64.ActiveCfg = Release|Any CPU
		{0747AF70-4B81-44E2-B605-85386F666976}.Release|x64.Build.0 = Release|Any CPU
		{0747AF70-4B81-44E2-B605-85386F666976}.Release|x86.ActiveCfg = Release|Any CPU
		{0747AF70-4B81-44E2-B605-85386F666976}.Release|x86.Build.0 = Release|Any CPU
		{1A09E1EB-B371-492B-A0FD-392F9F69A588}.Debug|Any CPU.ActiveCfg = Debug|Any CPU
		{1A09E1EB-B371-492B-A0FD-392F9F69A588}.Debug|Any CPU.Build.0 = Debug|Any CPU
		{1A09E1EB-B371-492B-A0FD-392F9F69A588}.Debug|x64.ActiveCfg = Debug|Any CPU
		{1A09E1EB-B371-492B-A0FD-392F9F69A588}.Debug|x64.Build.0 = Debug|Any CPU
		{1A09E1EB-B371-492B-A0FD-392F9F69A588}.Debug|x86.ActiveCfg = Debug|Any CPU
		{1A09E1EB-B371-492B-A0FD-392F9F69A588}.Debug|x86.Build.0 = Debug|Any CPU
		{1A09E1EB-B371-492B-A0FD-392F9F69A588}.Release|Any CPU.ActiveCfg = Release|Any CPU
		{1A09E1EB-B371-492B-A0FD-392F9F69A588}.Release|Any CPU.Build.0 = Release|Any CPU
		{1A09E1EB-B371-492B-A0FD-392F9F69A588}.Release|x64.ActiveCfg = Release|Any CPU
		{1A09E1EB-B371-492B-A0FD-392F9F69A588}.Release|x64.Build.0 = Release|Any CPU
		{1A09E1EB-B371-492B-A0FD-392F9F69A588}.Release|x86.ActiveCfg = Release|Any CPU
		{1A09E1EB-B371-492B-A0FD-392F9F69A588}.Release|x86.Build.0 = Release|Any CPU
		{E07FA3EB-923C-4C58-838C-7CACE7891551}.Debug|Any CPU.ActiveCfg = Debug|Any CPU
		{E07FA3EB-923C-4C58-838C-7CACE7891551}.Debug|Any CPU.Build.0 = Debug|Any CPU
		{E07FA3EB-923C-4C58-838C-7CACE7891551}.Debug|x64.ActiveCfg = Debug|Any CPU
		{E07FA3EB-923C-4C58-838C-7CACE7891551}.Debug|x64.Build.0 = Debug|Any CPU
		{E07FA3EB-923C-4C58-838C-7CACE7891551}.Debug|x86.ActiveCfg = Debug|Any CPU
		{E07FA3EB-923C-4C58-838C-7CACE7891551}.Debug|x86.Build.0 = Debug|Any CPU
		{E07FA3EB-923C-4C58-838C-7CACE7891551}.Release|Any CPU.ActiveCfg = Release|Any CPU
		{E07FA3EB-923C-4C58-838C-7CACE7891551}.Release|Any CPU.Build.0 = Release|Any CPU
		{E07FA3EB-923C-4C58-838C-7CACE7891551}.Release|x64.ActiveCfg = Release|Any CPU
		{E07FA3EB-923C-4C58-838C-7CACE7891551}.Release|x64.Build.0 = Release|Any CPU
		{E07FA3EB-923C-4C58-838C-7CACE7891551}.Release|x86.ActiveCfg = Release|Any CPU
		{E07FA3EB-923C-4C58-838C-7CACE7891551}.Release|x86.Build.0 = Release|Any CPU
	EndGlobalSection
	GlobalSection(NestedProjects) = preSolution
		{0158F136-B225-4E32-9C73-C96486582BA7} = {F0D8DFD5-6055-4B89-AB06-E0CD2B685E19}
		{0747AF70-4B81-44E2-B605-85386F666976} = {E1105A9F-26F0-46F6-ADC0-1ED4A8ED0897}
		{1A09E1EB-B371-492B-A0FD-392F9F69A588} = {E1105A9F-26F0-46F6-ADC0-1ED4A8ED0897}
		{E07FA3EB-923C-4C58-838C-7CACE7891551} = {E1105A9F-26F0-46F6-ADC0-1ED4A8ED0897}
	EndGlobalSection
EndGlobal
